
Microsoft Visual Studio Solution File, Format Version 12.00
# Visual Studio Version 17
VisualStudioVersion = 17.7.34024.191
MinimumVisualStudioVersion = 10.0.40219.1
Project("{FAE04EC0-301F-11D3-BF4B-00C04F79EFBC}") = "Tic Tac Toe Game", "Tic Tac Toe Game\Tic Tac Toe Game.csproj", "{BAB51B61-A256-4D52-BB64-54EEE9625CBE}"
EndProject
Global
	GlobalSection(SolutionConfigurationPlatforms) = preSolution
		Debug|Any CPU = Debug|Any CPU
		Release|Any CPU = Release|Any CPU
	EndGlobalSection
	GlobalSection(ProjectConfigurationPlatforms) = postSolution
		{BAB51B61-A256-4D52-BB64-54EEE9625CBE}.Debug|Any CPU.ActiveCfg = Debug|Any CPU
		{BAB51B61-A256-4D52-BB64-54EEE9625CBE}.Debug|Any CPU.Build.0 = Debug|Any CPU
		{BAB51B61-A256-4D52-BB64-54EEE9625CBE}.Release|Any CPU.ActiveCfg = Release|Any CPU
		{BAB51B61-A256-4D52-BB64-54EEE9625CBE}.Release|Any CPU.Build.0 = Release|Any CPU
	EndGlobalSection
	GlobalSection(SolutionProperties) = preSolution
		HideSolutionNode = FALSE
	EndGlobalSection
	GlobalSection(ExtensibilityGlobals) = postSolution
		SolutionGuid = {E0BB69A6-5917-4551-982F-64FA996A782E}
	EndGlobalSection
EndGlobal
